
Microsoft Visual Studio Solution File, Format Version 12.00
# Visual Studio Version 17
VisualStudioVersion = 17.0.32014.148
MinimumVisualStudioVersion = 10.0.40219.1
Project("{8BC9CEB8-8B4A-11D0-8D11-00A0C91BC942}") = "2630 색종이 만들기", "2630 색종이 만들기\2630 색종이 만들기.vcxproj", "{D5EDC41E-F1C5-4369-98CF-BDE255FB2F64}"
EndProject
Project("{8BC9CEB8-8B4A-11D0-8D11-00A0C91BC942}") = "2740 행렬 곱셈", "2740 행렬 곱셈\2740 행렬 곱셈.vcxproj", "{62D86A91-7D2E-491F-BA67-7551749DFACD}"
EndProject
Project("{8BC9CEB8-8B4A-11D0-8D11-00A0C91BC942}") = "2866 문자열 잘라내기", "2866 문자열 잘라내기\2866 문자열 잘라내기.vcxproj", "{2C02DE95-BFBF-4093-B63B-8323033189D8}"
EndProject
Project("{8BC9CEB8-8B4A-11D0-8D11-00A0C91BC942}") = "19583 싸이버개강총회", "19583 싸이버개강총회\19583 싸이버개강총회.vcxproj", "{7F219319-77D7-4A01-BFE6-3E86C12B8191}"
EndProject
Project("{8BC9CEB8-8B4A-11D0-8D11-00A0C91BC942}") = "2002 추월", "2002 추월\2002 추월.vcxproj", "{9F9C0858-ED88-4B9F-B24D-68A5342B9A5B}"
EndProject
Project("{8BC9CEB8-8B4A-11D0-8D11-00A0C91BC942}") = "13305 주유소", "13305 주유소\13305 주유소.vcxproj", "{E39FE738-FA15-40FE-83B7-BACC49A818C1}"
EndProject
Project("{8BC9CEB8-8B4A-11D0-8D11-00A0C91BC942}") = "4256 트리", "4256 트리\4256 트리.vcxproj", "{F31F90F4-98E6-4580-83D6-A46A42FBD544}"
EndProject
Project("{8BC9CEB8-8B4A-11D0-8D11-00A0C91BC942}") = "2178 미로탐색", "2178 미로탐색\2178 미로탐색.vcxproj", "{B72AB10C-04D7-4833-A859-5D8724D4FB84}"
EndProject
Project("{8BC9CEB8-8B4A-11D0-8D11-00A0C91BC942}") = "2606 바이러스", "2606 바이러스\2606 바이러스.vcxproj", "{9E7DEEF0-9E8A-4836-8EB7-78879E3BD7EC}"
EndProject
Project("{8BC9CEB8-8B4A-11D0-8D11-00A0C91BC942}") = "1987 알파벳", "1987 알파벳\1987 알파벳.vcxproj", "{D39EC12A-10DC-4458-A300-3100E0E02A0E}"
EndProject
Project("{8BC9CEB8-8B4A-11D0-8D11-00A0C91BC942}") = "2468 안전 영역", "2468 안전 영역\2468 안전 영역.vcxproj", "{9070C89F-15C0-4B49-9060-69ADCD88AAB3}"
EndProject
Project("{8BC9CEB8-8B4A-11D0-8D11-00A0C91BC942}") = "1149 RGB거리", "1149 RGB거리\1149 RGB거리.vcxproj", "{A38F0074-3989-4035-A170-BAA6D280F92F}"
EndProject
Project("{8BC9CEB8-8B4A-11D0-8D11-00A0C91BC942}") = "2565 전깃줄", "2565 전깃줄\2565 전깃줄.vcxproj", "{AC1801FC-7B1A-4AEA-B363-64D654F8B04F}"
EndProject
Global
	GlobalSection(SolutionConfigurationPlatforms) = preSolution
		Debug|x64 = Debug|x64
		Debug|x86 = Debug|x86
		Release|x64 = Release|x64
		Release|x86 = Release|x86
	EndGlobalSection
	GlobalSection(ProjectConfigurationPlatforms) = postSolution
		{D5EDC41E-F1C5-4369-98CF-BDE255FB2F64}.Debug|x64.ActiveCfg = Debug|x64
		{D5EDC41E-F1C5-4369-98CF-BDE255FB2F64}.Debug|x64.Build.0 = Debug|x64
		{D5EDC41E-F1C5-4369-98CF-BDE255FB2F64}.Debug|x86.ActiveCfg = Debug|Win32
		{D5EDC41E-F1C5-4369-98CF-BDE255FB2F64}.Debug|x86.Build.0 = Debug|Win32
		{D5EDC41E-F1C5-4369-98CF-BDE255FB2F64}.Release|x64.ActiveCfg = Release|x64
		{D5EDC41E-F1C5-4369-98CF-BDE255FB2F64}.Release|x64.Build.0 = Release|x64
		{D5EDC41E-F1C5-4369-98CF-BDE255FB2F64}.Release|x86.ActiveCfg = Release|Win32
		{D5EDC41E-F1C5-4369-98CF-BDE255FB2F64}.Release|x86.Build.0 = Release|Win32
		{62D86A91-7D2E-491F-BA67-7551749DFACD}.Debug|x64.ActiveCfg = Debug|x64
		{62D86A91-7D2E-491F-BA67-7551749DFACD}.Debug|x64.Build.0 = Debug|x64
		{62D86A91-7D2E-491F-BA67-7551749DFACD}.Debug|x86.ActiveCfg = Debug|Win32
		{62D86A91-7D2E-491F-BA67-7551749DFACD}.Debug|x86.Build.0 = Debug|Win32
		{62D86A91-7D2E-491F-BA67-7551749DFACD}.Release|x64.ActiveCfg = Release|x64
		{62D86A91-7D2E-491F-BA67-7551749DFACD}.Release|x64.Build.0 = Release|x64
		{62D86A91-7D2E-491F-BA67-7551749DFACD}.Release|x86.ActiveCfg = Release|Win32
		{62D86A91-7D2E-491F-BA67-7551749DFACD}.Release|x86.Build.0 = Release|Win32
		{2C02DE95-BFBF-4093-B63B-8323033189D8}.Debug|x64.ActiveCfg = Debug|x64
		{2C02DE95-BFBF-4093-B63B-8323033189D8}.Debug|x64.Build.0 = Debug|x64
		{2C02DE95-BFBF-4093-B63B-8323033189D8}.Debug|x86.ActiveCfg = Debug|Win32
		{2C02DE95-BFBF-4093-B63B-8323033189D8}.Debug|x86.Build.0 = Debug|Win32
		{2C02DE95-BFBF-4093-B63B-8323033189D8}.Release|x64.ActiveCfg = Release|x64
		{2C02DE95-BFBF-4093-B63B-8323033189D8}.Release|x64.Build.0 = Release|x64
		{2C02DE95-BFBF-4093-B63B-8323033189D8}.Release|x86.ActiveCfg = Release|Win32
		{2C02DE95-BFBF-4093-B63B-8323033189D8}.Release|x86.Build.0 = Release|Win32
		{7F219319-77D7-4A01-BFE6-3E86C12B8191}.Debug|x64.ActiveCfg = Debug|x64
		{7F219319-77D7-4A01-BFE6-3E86C12B8191}.Debug|x64.Build.0 = Debug|x64
		{7F219319-77D7-4A01-BFE6-3E86C12B8191}.Debug|x86.ActiveCfg = Debug|Win32
		{7F219319-77D7-4A01-BFE6-3E86C12B8191}.Debug|x86.Build.0 = Debug|Win32
		{7F219319-77D7-4A01-BFE6-3E86C12B8191}.Release|x64.ActiveCfg = Release|x64
		{7F219319-77D7-4A01-BFE6-3E86C12B8191}.Release|x64.Build.0 = Release|x64
		{7F219319-77D7-4A01-BFE6-3E86C12B8191}.Release|x86.ActiveCfg = Release|Win32
		{7F219319-77D7-4A01-BFE6-3E86C12B8191}.Release|x86.Build.0 = Release|Win32
		{9F9C0858-ED88-4B9F-B24D-68A5342B9A5B}.Debug|x64.ActiveCfg = Debug|x64
		{9F9C0858-ED88-4B9F-B24D-68A5342B9A5B}.Debug|x64.Build.0 = Debug|x64
		{9F9C0858-ED88-4B9F-B24D-68A5342B9A5B}.Debug|x86.ActiveCfg = Debug|Win32
		{9F9C0858-ED88-4B9F-B24D-68A5342B9A5B}.Debug|x86.Build.0 = Debug|Win32
		{9F9C0858-ED88-4B9F-B24D-68A5342B9A5B}.Release|x64.ActiveCfg = Release|x64
		{9F9C0858-ED88-4B9F-B24D-68A5342B9A5B}.Release|x64.Build.0 = Release|x64
		{9F9C0858-ED88-4B9F-B24D-68A5342B9A5B}.Release|x86.ActiveCfg = Release|Win32
		{9F9C0858-ED88-4B9F-B24D-68A5342B9A5B}.Release|x86.Build.0 = Release|Win32
		{E39FE738-FA15-40FE-83B7-BACC49A818C1}.Debug|x64.ActiveCfg = Debug|x64
		{E39FE738-FA15-40FE-83B7-BACC49A818C1}.Debug|x64.Build.0 = Debug|x64
		{E39FE738-FA15-40FE-83B7-BACC49A818C1}.Debug|x86.ActiveCfg = Debug|Win32
		{E39FE738-FA15-40FE-83B7-BACC49A818C1}.Debug|x86.Build.0 = Debug|Win32
		{E39FE738-FA15-40FE-83B7-BACC49A818C1}.Release|x64.ActiveCfg = Release|x64
		{E39FE738-FA15-40FE-83B7-BACC49A818C1}.Release|x64.Build.0 = Release|x64
		{E39FE738-FA15-40FE-83B7-BACC49A818C1}.Release|x86.ActiveCfg = Release|Win32
		{E39FE738-FA15-40FE-83B7-BACC49A818C1}.Release|x86.Build.0 = Release|Win32
		{F31F90F4-98E6-4580-83D6-A46A42FBD544}.Debug|x64.ActiveCfg = Debug|x64
		{F31F90F4-98E6-4580-83D6-A46A42FBD544}.Debug|x64.Build.0 = Debug|x64
		{F31F90F4-98E6-4580-83D6-A46A42FBD544}.Debug|x86.ActiveCfg = Debug|Win32
		{F31F90F4-98E6-4580-83D6-A46A42FBD544}.Debug|x86.Build.0 = Debug|Win32
		{F31F90F4-98E6-4580-83D6-A46A42FBD544}.Release|x64.ActiveCfg = Release|x64
		{F31F90F4-98E6-4580-83D6-A46A42FBD544}.Release|x64.Build.0 = Release|x64
		{F31F90F4-98E6-4580-83D6-A46A42FBD544}.Release|x86.ActiveCfg = Release|Win32
		{F31F90F4-98E6-4580-83D6-A46A42FBD544}.Release|x86.Build.0 = Release|Win32
		{B72AB10C-04D7-4833-A859-5D8724D4FB84}.Debug|x64.ActiveCfg = Debug|x64
		{B72AB10C-04D7-4833-A859-5D8724D4FB84}.Debug|x64.Build.0 = Debug|x64
		{B72AB10C-04D7-4833-A859-5D8724D4FB84}.Debug|x86.ActiveCfg = Debug|Win32
		{B72AB10C-04D7-4833-A859-5D8724D4FB84}.Debug|x86.Build.0 = Debug|Win32
		{B72AB10C-04D7-4833-A859-5D8724D4FB84}.Release|x64.ActiveCfg = Release|x64
		{B72AB10C-04D7-4833-A859-5D8724D4FB84}.Release|x64.Build.0 = Release|x64
		{B72AB10C-04D7-4833-A859-5D8724D4FB84}.Release|x86.ActiveCfg = Release|Win32
		{B72AB10C-04D7-4833-A859-5D8724D4FB84}.Release|x86.Build.0 = Release|Win32
		{9E7DEEF0-9E8A-4836-8EB7-78879E3BD7EC}.Debug|x64.ActiveCfg = Debug|x64
		{9E7DEEF0-9E8A-4836-8EB7-78879E3BD7EC}.Debug|x64.Build.0 = Debug|x64
		{9E7DEEF0-9E8A-4836-8EB7-78879E3BD7EC}.Debug|x86.ActiveCfg = Debug|Win32
		{9E7DEEF0-9E8A-4836-8EB7-78879E3BD7EC}.Debug|x86.Build.0 = Debug|Win32
		{9E7DEEF0-9E8A-4836-8EB7-78879E3BD7EC}.Release|x64.ActiveCfg = Release|x64
		{9E7DEEF0-9E8A-4836-8EB7-78879E3BD7EC}.Release|x64.Build.0 = Release|x64
		{9E7DEEF0-9E8A-4836-8EB7-78879E3BD7EC}.Release|x86.ActiveCfg = Release|Win32
		{9E7DEEF0-9E8A-4836-8EB7-78879E3BD7EC}.Release|x86.Build.0 = Release|Win32
		{D39EC12A-10DC-4458-A300-3100E0E02A0E}.Debug|x64.ActiveCfg = Debug|x64
		{D39EC12A-10DC-4458-A300-3100E0E02A0E}.Debug|x64.Build.0 = Debug|x64
		{D39EC12A-10DC-4458-A300-3100E0E02A0E}.Debug|x86.ActiveCfg = Debug|Win32
		{D39EC12A-10DC-4458-A300-3100E0E02A0E}.Debug|x86.Build.0 = Debug|Win32
		{D39EC12A-10DC-4458-A300-3100E0E02A0E}.Release|x64.ActiveCfg = Release|x64
		{D39EC12A-10DC-4458-A300-3100E0E02A0E}.Release|x64.Build.0 = Release|x64
		{D39EC12A-10DC-4458-A300-3100E0E02A0E}.Release|x86.ActiveCfg = Release|Win32
		{D39EC12A-10DC-4458-A300-3100E0E02A0E}.Release|x86.Build.0 = Release|Win32
		{9070C89F-15C0-4B49-9060-69ADCD88AAB3}.Debug|x64.ActiveCfg = Debug|x64
		{9070C89F-15C0-4B49-9060-69ADCD88AAB3}.Debug|x64.Build.0 = Debug|x64
		{9070C89F-15C0-4B49-9060-69ADCD88AAB3}.Debug|x86.ActiveCfg = Debug|Win32
		{9070C89F-15C0-4B49-9060-69ADCD88AAB3}.Debug|x86.Build.0 = Debug|Win32
		{9070C89F-15C0-4B49-9060-69ADCD88AAB3}.Release|x64.ActiveCfg = Release|x64
		{9070C89F-15C0-4B49-9060-69ADCD88AAB3}.Release|x64.Build.0 = Release|x64
		{9070C89F-15C0-4B49-9060-69ADCD88AAB3}.Release|x86.ActiveCfg = Release|Win32
		{9070C89F-15C0-4B49-9060-69ADCD88AAB3}.Release|x86.Build.0 = Release|Win32
		{A38F0074-3989-4035-A170-BAA6D280F92F}.Debug|x64.ActiveCfg = Debug|x64
		{A38F0074-3989-4035-A170-BAA6D280F92F}.Debug|x64.Build.0 = Debug|x64
		{A38F0074-3989-4035-A170-BAA6D280F92F}.Debug|x86.ActiveCfg = Debug|Win32
		{A38F0074-3989-4035-A170-BAA6D280F92F}.Debug|x86.Build.0 = Debug|Win32
		{A38F0074-3989-4035-A170-BAA6D280F92F}.Release|x64.ActiveCfg = Release|x64
		{A38F0074-3989-4035-A170-BAA6D280F92F}.Release|x64.Build.0 = Release|x64
		{A38F0074-3989-4035-A170-BAA6D280F92F}.Release|x86.ActiveCfg = Release|Win32
		{A38F0074-3989-4035-A170-BAA6D280F92F}.Release|x86.Build.0 = Release|Win32
		{AC1801FC-7B1A-4AEA-B363-64D654F8B04F}.Debug|x64.ActiveCfg = Debug|x64
		{AC1801FC-7B1A-4AEA-B363-64D654F8B04F}.Debug|x64.Build.0 = Debug|x64
		{AC1801FC-7B1A-4AEA-B363-64D654F8B04F}.Debug|x86.ActiveCfg = Debug|Win32
		{AC1801FC-7B1A-4AEA-B363-64D654F8B04F}.Debug|x86.Build.0 = Debug|Win32
		{AC1801FC-7B1A-4AEA-B363-64D654F8B04F}.Release|x64.ActiveCfg = Release|x64
		{AC1801FC-7B1A-4AEA-B363-64D654F8B04F}.Release|x64.Build.0 = Release|x64
		{AC1801FC-7B1A-4AEA-B363-64D654F8B04F}.Release|x86.ActiveCfg = Release|Win32
		{AC1801FC-7B1A-4AEA-B363-64D654F8B04F}.Release|x86.Build.0 = Release|Win32
	EndGlobalSection
	GlobalSection(SolutionProperties) = preSolution
		HideSolutionNode = FALSE
	EndGlobalSection
	GlobalSection(ExtensibilityGlobals) = postSolution
		SolutionGuid = {F52C8D9B-87D8-4B11-A3FA-71966AD2CBDF}
	EndGlobalSection
EndGlobal
